# This file is automatically @generated by Cargo.
# It is not intended for manual editing.
version = 4

[[package]]
name = "rphp"
version = "0.0.0"
dependencies = [
 "rphp-sapi-cli",
]

[[package]]
name = "rphp-ast"
version = "0.0.0"
dependencies = [
 "rphp-intern",
 "rphp-span",
]

[[package]]
name = "rphp-bytecode"
version = "0.0.0"
dependencies = [
 "rphp-intern",
 "rphp-span",
 "rphp-value",
]

[[package]]
name = "rphp-compiler"
version = "0.0.0"
dependencies = [
 "rphp-ast",
 "rphp-bytecode",
 "rphp-diagnostics",
 "rphp-intern",
 "rphp-span",
 "rphp-value",
]

[[package]]
name = "rphp-diagnostics"
version = "0.0.0"
dependencies = [
 "rphp-source",
 "rphp-span",
]

[[package]]
name = "rphp-intern"
version = "0.0.0"

[[package]]
name = "rphp-lexer"
version = "0.0.0"
dependencies = [
 "rphp-diagnostics",
 "rphp-intern",
 "rphp-span",
]

[[package]]
name = "rphp-parser"
version = "0.0.0"
dependencies = [
 "rphp-ast",
 "rphp-diagnostics",
 "rphp-intern",
 "rphp-lexer",
 "rphp-span",
]

[[package]]
name = "rphp-runtime"
version = "0.0.0"
dependencies = [
 "rphp-bytecode",
 "rphp-intern",
 "rphp-span",
 "rphp-value",
]

[[package]]
name = "rphp-sapi-cli"
version = "0.0.0"
dependencies = [
 "rphp-ast",
 "rphp-bytecode",
 "rphp-compiler",
 "rphp-diagnostics",
 "rphp-intern",
 "rphp-lexer",
 "rphp-parser",
 "rphp-runtime",
 "rphp-source",
 "rphp-span",
]

[[package]]
name = "rphp-source"
version = "0.0.0"
dependencies = [
 "rphp-span",
]

[[package]]
name = "rphp-span"
version = "0.0.0"

[[package]]
name = "rphp-value"
version = "0.0.0"
